
Microsoft Visual Studio Solution File, Format Version 12.00
# Visual Studio Version 17
VisualStudioVersion = 17.0.32014.148
MinimumVisualStudioVersion = 10.0.40219.1
Project("{8BC9CEB8-8B4A-11D0-8D11-00A0C91BC942}") = "Homework220216", "Homework220216\Homework220216.vcxproj", "{0806F82C-4297-459E-8856-19B402584E3E}"
EndProject
Global
	GlobalSection(SolutionConfigurationPlatforms) = preSolution
		Debug|x64 = Debug|x64
		Debug|x86 = Debug|x86
		Release|x64 = Release|x64
		Release|x86 = Release|x86
	EndGlobalSection
	GlobalSection(ProjectConfigurationPlatforms) = postSolution
		{0806F82C-4297-459E-8856-19B402584E3E}.Debug|x64.ActiveCfg = Debug|x64
		{0806F82C-4297-459E-8856-19B402584E3E}.Debug|x64.Build.0 = Debug|x64
		{0806F82C-4297-459E-8856-19B402584E3E}.Debug|x86.ActiveCfg = Debug|Win32
		{0806F82C-4297-459E-8856-19B402584E3E}.Debug|x86.Build.0 = Debug|Win32
		{0806F82C-4297-459E-8856-19B402584E3E}.Release|x64.ActiveCfg = Release|x64
		{0806F82C-4297-459E-8856-19B402584E3E}.Release|x64.Build.0 = Release|x64
		{0806F82C-4297-459E-8856-19B402584E3E}.Release|x86.ActiveCfg = Release|Win32
		{0806F82C-4297-459E-8856-19B402584E3E}.Release|x86.Build.0 = Release|Win32
	EndGlobalSection
	GlobalSection(SolutionProperties) = preSolution
		HideSolutionNode = FALSE
	EndGlobalSection
	GlobalSection(ExtensibilityGlobals) = postSolution
		SolutionGuid = {BE8C8ED0-655C-4627-B132-187DB6D8BB2F}
	EndGlobalSection
EndGlobal
